
Microsoft Visual Studio Solution File, Format Version 12.00
# Visual Studio Version 16
VisualStudioVersion = 16.0.28729.10
MinimumVisualStudioVersion = 10.0.40219.1
Project("{FAE04EC0-301F-11D3-BF4B-00C04F79EFBC}") = "HelloService", "HelloService\HelloService.csproj", "{79ED5A85-4DD3-42AC-AAAB-479282866E80}"
EndProject
Project("{FAE04EC0-301F-11D3-BF4B-00C04F79EFBC}") = "HelloServiceHost", "HelloServiceHost\HelloServiceHost.csproj", "{AE06A92C-C49B-4B8A-9DB4-11662001FFBD}"
EndProject
Global
	GlobalSection(SolutionConfigurationPlatforms) = preSolution
		Debug|Any CPU = Debug|Any CPU
		Release|Any CPU = Release|Any CPU
	EndGlobalSection
	GlobalSection(ProjectConfigurationPlatforms) = postSolution
		{79ED5A85-4DD3-42AC-AAAB-479282866E80}.Debug|Any CPU.ActiveCfg = Debug|Any CPU
		{79ED5A85-4DD3-42AC-AAAB-479282866E80}.Debug|Any CPU.Build.0 = Debug|Any CPU
		{79ED5A85-4DD3-42AC-AAAB-479282866E80}.Release|Any CPU.ActiveCfg = Release|Any CPU
		{79ED5A85-4DD3-42AC-AAAB-479282866E80}.Release|Any CPU.Build.0 = Release|Any CPU
		{AE06A92C-C49B-4B8A-9DB4-11662001FFBD}.Debug|Any CPU.ActiveCfg = Debug|Any CPU
		{AE06A92C-C49B-4B8A-9DB4-11662001FFBD}.Debug|Any CPU.Build.0 = Debug|Any CPU
		{AE06A92C-C49B-4B8A-9DB4-11662001FFBD}.Release|Any CPU.ActiveCfg = Release|Any CPU
		{AE06A92C-C49B-4B8A-9DB4-11662001FFBD}.Release|Any CPU.Build.0 = Release|Any CPU
	EndGlobalSection
	GlobalSection(SolutionProperties) = preSolution
		HideSolutionNode = FALSE
	EndGlobalSection
	GlobalSection(ExtensibilityGlobals) = postSolution
		SolutionGuid = {FA86FFEE-C034-44C6-87AC-28CFF9FCE408}
	EndGlobalSection
EndGlobal
